
Microsoft Visual Studio Solution File, Format Version 12.00
# Visual Studio Version 17
VisualStudioVersion = 17.1.32210.238
MinimumVisualStudioVersion = 10.0.40219.1
Project("{FAE04EC0-301F-11D3-BF4B-00C04F79EFBC}") = "LoanWebAPI", "LoanWebAPI.csproj", "{65BD2000-E309-4AB3-9006-C86E647E469C}"
EndProject
Global
	GlobalSection(SolutionConfigurationPlatforms) = preSolution
		Debug|Any CPU = Debug|Any CPU
		Release|Any CPU = Release|Any CPU
	EndGlobalSection
	GlobalSection(ProjectConfigurationPlatforms) = postSolution
		{65BD2000-E309-4AB3-9006-C86E647E469C}.Debug|Any CPU.ActiveCfg = Debug|Any CPU
		{65BD2000-E309-4AB3-9006-C86E647E469C}.Debug|Any CPU.Build.0 = Debug|Any CPU
		{65BD2000-E309-4AB3-9006-C86E647E469C}.Release|Any CPU.ActiveCfg = Release|Any CPU
		{65BD2000-E309-4AB3-9006-C86E647E469C}.Release|Any CPU.Build.0 = Release|Any CPU
	EndGlobalSection
	GlobalSection(SolutionProperties) = preSolution
		HideSolutionNode = FALSE
	EndGlobalSection
	GlobalSection(ExtensibilityGlobals) = postSolution
		SolutionGuid = {5BB86704-31C0-453A-9334-C519D6C8B40C}
	EndGlobalSection
EndGlobal
